
Microsoft Visual Studio Solution File, Format Version 12.00
# Visual Studio 2012
Project("{FAE04EC0-301F-11D3-BF4B-00C04F79EFBC}") = "1.Calculate Surface", "1.Calculate Surface\1.Calculate Surface.csproj", "{F6B15BE1-3A1C-47D9-A314-1220AE9DEB43}"
EndProject
Project("{FAE04EC0-301F-11D3-BF4B-00C04F79EFBC}") = "3.Range Exception", "3.Range Exception\3.Range Exception.csproj", "{BE13C1D5-CCC0-4A44-B7F6-FFA5E8C6188A}"
EndProject
Project("{FAE04EC0-301F-11D3-BF4B-00C04F79EFBC}") = "2.Bank", "2.Bank\2.Bank.csproj", "{3837A1CA-5925-411C-AF2C-B38B349814B2}"
EndProject
Global
	GlobalSection(SolutionConfigurationPlatforms) = preSolution
		Debug|Any CPU = Debug|Any CPU
		Release|Any CPU = Release|Any CPU
	EndGlobalSection
	GlobalSection(ProjectConfigurationPlatforms) = postSolution
		{F6B15BE1-3A1C-47D9-A314-1220AE9DEB43}.Debug|Any CPU.ActiveCfg = Debug|Any CPU
		{F6B15BE1-3A1C-47D9-A314-1220AE9DEB43}.Debug|Any CPU.Build.0 = Debug|Any CPU
		{F6B15BE1-3A1C-47D9-A314-1220AE9DEB43}.Release|Any CPU.ActiveCfg = Release|Any CPU
		{F6B15BE1-3A1C-47D9-A314-1220AE9DEB43}.Release|Any CPU.Build.0 = Release|Any CPU
		{BE13C1D5-CCC0-4A44-B7F6-FFA5E8C6188A}.Debug|Any CPU.ActiveCfg = Debug|Any CPU
		{BE13C1D5-CCC0-4A44-B7F6-FFA5E8C6188A}.Debug|Any CPU.Build.0 = Debug|Any CPU
		{BE13C1D5-CCC0-4A44-B7F6-FFA5E8C6188A}.Release|Any CPU.ActiveCfg = Release|Any CPU
		{BE13C1D5-CCC0-4A44-B7F6-FFA5E8C6188A}.Release|Any CPU.Build.0 = Release|Any CPU
		{3837A1CA-5925-411C-AF2C-B38B349814B2}.Debug|Any CPU.ActiveCfg = Debug|Any CPU
		{3837A1CA-5925-411C-AF2C-B38B349814B2}.Debug|Any CPU.Build.0 = Debug|Any CPU
		{3837A1CA-5925-411C-AF2C-B38B349814B2}.Release|Any CPU.ActiveCfg = Release|Any CPU
		{3837A1CA-5925-411C-AF2C-B38B349814B2}.Release|Any CPU.Build.0 = Release|Any CPU
	EndGlobalSection
	GlobalSection(SolutionProperties) = preSolution
		HideSolutionNode = FALSE
	EndGlobalSection
EndGlobal
