
Microsoft Visual Studio Solution File, Format Version 12.00
# Visual Studio 2012
Project("{FAE04EC0-301F-11D3-BF4B-00C04F79EFBC}") = "1.School", "1.School\1.School.csproj", "{6C7891B9-A9E9-4D3F-AE47-F8BE4903930A}"
EndProject
Project("{FAE04EC0-301F-11D3-BF4B-00C04F79EFBC}") = "2.Human", "2.Human\2.Human.csproj", "{C2DB055F-61CE-4F40-8409-BD57DE4873B2}"
EndProject
Project("{FAE04EC0-301F-11D3-BF4B-00C04F79EFBC}") = "3.Animals", "3.Animals\3.Animals.csproj", "{35488665-2BF9-45F5-B005-1A47811B98C0}"
EndProject
Global
	GlobalSection(SolutionConfigurationPlatforms) = preSolution
		Debug|Any CPU = Debug|Any CPU
		Release|Any CPU = Release|Any CPU
	EndGlobalSection
	GlobalSection(ProjectConfigurationPlatforms) = postSolution
		{6C7891B9-A9E9-4D3F-AE47-F8BE4903930A}.Debug|Any CPU.ActiveCfg = Debug|Any CPU
		{6C7891B9-A9E9-4D3F-AE47-F8BE4903930A}.Debug|Any CPU.Build.0 = Debug|Any CPU
		{6C7891B9-A9E9-4D3F-AE47-F8BE4903930A}.Release|Any CPU.ActiveCfg = Release|Any CPU
		{6C7891B9-A9E9-4D3F-AE47-F8BE4903930A}.Release|Any CPU.Build.0 = Release|Any CPU
		{C2DB055F-61CE-4F40-8409-BD57DE4873B2}.Debug|Any CPU.ActiveCfg = Debug|Any CPU
		{C2DB055F-61CE-4F40-8409-BD57DE4873B2}.Debug|Any CPU.Build.0 = Debug|Any CPU
		{C2DB055F-61CE-4F40-8409-BD57DE4873B2}.Release|Any CPU.ActiveCfg = Release|Any CPU
		{C2DB055F-61CE-4F40-8409-BD57DE4873B2}.Release|Any CPU.Build.0 = Release|Any CPU
		{35488665-2BF9-45F5-B005-1A47811B98C0}.Debug|Any CPU.ActiveCfg = Debug|Any CPU
		{35488665-2BF9-45F5-B005-1A47811B98C0}.Debug|Any CPU.Build.0 = Debug|Any CPU
		{35488665-2BF9-45F5-B005-1A47811B98C0}.Release|Any CPU.ActiveCfg = Release|Any CPU
		{35488665-2BF9-45F5-B005-1A47811B98C0}.Release|Any CPU.Build.0 = Release|Any CPU
	EndGlobalSection
	GlobalSection(SolutionProperties) = preSolution
		HideSolutionNode = FALSE
	EndGlobalSection
EndGlobal
